{
  "name": "localization-system",
  "lockfileVersion": 2,
  "requires": true,
  "packages": {
    "": {
      "dependencies": {
        "i18next": "^22.4.9",
        "i18next-xhr-backend": "^3.2.2"
      }
    },
    "node_modules/@babel/runtime": {
      "version": "7.20.7",
      "resolved": "https://registry.npmjs.org/@babel/runtime/-/runtime-7.20.7.tgz",
      "integrity": "sha512-UF0tvkUtxwAgZ5W/KrkHf0Rn0fdnLDU9ScxBrEVNUprE/MzirjK4MJUX1/BVDv00Sv8cljtukVK1aky++X1SjQ==",
      "dependencies": {
        "regenerator-runtime": "^0.13.11"
      },
      "engines": {
        "node": ">=6.9.0"
      }
    },
    "node_modules/i18next": {
      "version": "22.4.9",
      "resolved": "https://registry.npmjs.org/i18next/-/i18next-22.4.9.tgz",
      "integrity": "sha512-8gWMmUz460KJDQp/ob3MNUX84cVuDRY9PLFPnV8d+Qezz/6dkjxwOaH70xjrCNDO+JrUL25iXfAIN9wUkInNZw==",
      "funding": [
        {
          "type": "individual",
          "url": "https://locize.com"
        },
        {
          "type": "individual",
          "url": "https://locize.com/i18next.html"
        },
        {
          "type": "individual",
          "url": "https://www.i18next.com/how-to/faq#i18next-is-awesome.-how-can-i-support-the-project"
        }
      ],
      "dependencies": {
        "@babel/runtime": "^7.20.6"
      }
    },
    "node_modules/i18next-xhr-backend": {
      "version": "3.2.2",
      "resolved": "https://registry.npmjs.org/i18next-xhr-backend/-/i18next-xhr-backend-3.2.2.tgz",
      "integrity": "sha512-OtRf2Vo3IqAxsttQbpjYnmMML12IMB5e0fc5B7qKJFLScitYaXa1OhMX0n0X/3vrfFlpHL9Ro/H+ps4Ej2j7QQ==",
      "deprecated": "replaced by i18next-http-backend",
      "dependencies": {
        "@babel/runtime": "^7.5.5"
      }
    },
    "node_modules/regenerator-runtime": {
      "version": "0.13.11",
      "resolved": "https://registry.npmjs.org/regenerator-runtime/-/regenerator-runtime-0.13.11.tgz",
      "integrity": "sha512-kY1AZVr2Ra+t+piVaJ4gxaFaReZVH40AKNo7UCX6W+dEwBo/2oZJzqfuN1qLq1oL45o56cPaTXELwrTh8Fpggg=="
    }
  },
  "dependencies": {
    "@babel/runtime": {
      "version": "7.20.7",
      "resolved": "https://registry.npmjs.org/@babel/runtime/-/runtime-7.20.7.tgz",
      "integrity": "sha512-UF0tvkUtxwAgZ5W/KrkHf0Rn0fdnLDU9ScxBrEVNUprE/MzirjK4MJUX1/BVDv00Sv8cljtukVK1aky++X1SjQ==",
      "requires": {
        "regenerator-runtime": "^0.13.11"
      }
    },
    "i18next": {
      "version": "22.4.9",
      "resolved": "https://registry.npmjs.org/i18next/-/i18next-22.4.9.tgz",
      "integrity": "sha512-8gWMmUz460KJDQp/ob3MNUX84cVuDRY9PLFPnV8d+Qezz/6dkjxwOaH70xjrCNDO+JrUL25iXfAIN9wUkInNZw==",
      "requires": {
        "@babel/runtime": "^7.20.6"
      }
    },
    "i18next-xhr-backend": {
      "version": "3.2.2",
      "resolved": "https://registry.npmjs.org/i18next-xhr-backend/-/i18next-xhr-backend-3.2.2.tgz",
      "integrity": "sha512-OtRf2Vo3IqAxsttQbpjYnmMML12IMB5e0fc5B7qKJFLScitYaXa1OhMX0n0X/3vrfFlpHL9Ro/H+ps4Ej2j7QQ==",
      "requires": {
        "@babel/runtime": "^7.5.5"
      }
    },
    "regenerator-runtime": {
      "version": "0.13.11",
      "resolved": "https://registry.npmjs.org/regenerator-runtime/-/regenerator-runtime-0.13.11.tgz",
      "integrity": "sha512-kY1AZVr2Ra+t+piVaJ4gxaFaReZVH40AKNo7UCX6W+dEwBo/2oZJzqfuN1qLq1oL45o56cPaTXELwrTh8Fpggg=="
    }
  }
}
